
Microsoft Visual Studio Solution File, Format Version 12.00
# Visual Studio Version 17
VisualStudioVersion = 17.2.32505.173
MinimumVisualStudioVersion = 10.0.40219.1
Project("{FAE04EC0-301F-11D3-BF4B-00C04F79EFBC}") = "EasMe", "EasMe\EasMe.csproj", "{5FC4798A-9899-4F7B-A622-72EBBAA8BB8C}"
EndProject
Project("{FAE04EC0-301F-11D3-BF4B-00C04F79EFBC}") = "EasMe.Core", "EasMe.Core\EasMe.Core.csproj", "{52CAA643-BE5B-4F69-9F4D-A8A460344827}"
EndProject
Global
	GlobalSection(SolutionConfigurationPlatforms) = preSolution
		Debug|Any CPU = Debug|Any CPU
		Relase|Any CPU = Relase|Any CPU
	EndGlobalSection
	GlobalSection(ProjectConfigurationPlatforms) = postSolution
		{5FC4798A-9899-4F7B-A622-72EBBAA8BB8C}.Debug|Any CPU.ActiveCfg = Debug|Any CPU
		{5FC4798A-9899-4F7B-A622-72EBBAA8BB8C}.Debug|Any CPU.Build.0 = Debug|Any CPU
		{5FC4798A-9899-4F7B-A622-72EBBAA8BB8C}.Relase|Any CPU.ActiveCfg = Release|Any CPU
		{5FC4798A-9899-4F7B-A622-72EBBAA8BB8C}.Relase|Any CPU.Build.0 = Release|Any CPU
		{52CAA643-BE5B-4F69-9F4D-A8A460344827}.Debug|Any CPU.ActiveCfg = Debug|Any CPU
		{52CAA643-BE5B-4F69-9F4D-A8A460344827}.Debug|Any CPU.Build.0 = Debug|Any CPU
		{52CAA643-BE5B-4F69-9F4D-A8A460344827}.Relase|Any CPU.ActiveCfg = Release|Any CPU
		{52CAA643-BE5B-4F69-9F4D-A8A460344827}.Relase|Any CPU.Build.0 = Release|Any CPU
	EndGlobalSection
	GlobalSection(SolutionProperties) = preSolution
		HideSolutionNode = FALSE
	EndGlobalSection
	GlobalSection(ExtensibilityGlobals) = postSolution
		SolutionGuid = {F5DC2F52-31AB-4DBB-BA3C-5B6CE6C0B70A}
	EndGlobalSection
EndGlobal
