
Microsoft Visual Studio Solution File, Format Version 12.00
# Visual Studio Version 17
VisualStudioVersion = 17.2.32505.173
MinimumVisualStudioVersion = 10.0.40219.1
Project("{2150E333-8FDC-42A3-9474-1A3956D46DE8}") = "Solution Items", "Solution Items", "{A0EE42E2-3395-4E73-B63E-BE52291E8498}"
	ProjectSection(SolutionItems) = preProject
		README.md = README.md
	EndProjectSection
EndProject
Project("{9A19103F-16F7-4668-BE54-9A1E7A4F7556}") = "EasMe.Test", "src\EasMe.Test\EasMe.Test.csproj", "{0585DB88-C6D4-4F6F-8529-529D091AD46F}"
EndProject
Project("{9A19103F-16F7-4668-BE54-9A1E7A4F7556}") = "EasMe.System", "src\EasMe.System\EasMe.System.csproj", "{EC1E7E82-7CF2-457A-834D-3028AC063B35}"
EndProject
Project("{9A19103F-16F7-4668-BE54-9A1E7A4F7556}") = "EasMe.Logging", "src\EasMe.Logging\EasMe.Logging.csproj", "{E38DE084-ACAD-47A0-BC96-D5B1BC8782FB}"
EndProject
Project("{9A19103F-16F7-4668-BE54-9A1E7A4F7556}") = "EasMe.EntityFrameworkCore", "src\EasMe.EntityFrameworkCore\EasMe.EntityFrameworkCore.csproj", "{3743A327-72BD-40E8-901D-27965AE54CF4}"
EndProject
Project("{FAE04EC0-301F-11D3-BF4B-00C04F79EFBC}") = "EasMe.Box", "src\EasMe.Box\EasMe.Box.csproj", "{A34014DE-E353-44E7-874F-CFD7E3F16137}"
EndProject
Project("{9A19103F-16F7-4668-BE54-9A1E7A4F7556}") = "EasMe", "src\EasMe\EasMe.csproj", "{EB7007B1-55FB-4C40-8BA1-966046B78851}"
EndProject
Project("{2150E333-8FDC-42A3-9474-1A3956D46DE8}") = "src", "src", "{AEF10A31-FBEA-481A-BF1A-4343A8DE45A0}"
EndProject
Project("{2150E333-8FDC-42A3-9474-1A3956D46DE8}") = "doc", "doc", "{AC7492E3-F058-4E1D-92CB-8B9C8CA917A5}"
	ProjectSection(SolutionItems) = preProject
		doc\EasMe.md = doc\EasMe.md
		README.md = README.md
	EndProjectSection
EndProject
Project("{9A19103F-16F7-4668-BE54-9A1E7A4F7556}") = "EasMe.Result", "src\EasMe.Result\EasMe.Result.csproj", "{2B338206-21FC-4A5D-AB60-1E8BF2186CDF}"
EndProject
Project("{9A19103F-16F7-4668-BE54-9A1E7A4F7556}") = "EasMe.PostSharp", "src\EasMe.PostSharp\EasMe.PostSharp.csproj", "{3B7E4CD4-EFB3-4687-81B9-996D6C68F107}"
EndProject
Global
	GlobalSection(SolutionConfigurationPlatforms) = preSolution
		Debug|Any CPU = Debug|Any CPU
		Release|Any CPU = Release|Any CPU
	EndGlobalSection
	GlobalSection(ProjectConfigurationPlatforms) = postSolution
		{0585DB88-C6D4-4F6F-8529-529D091AD46F}.Debug|Any CPU.ActiveCfg = Debug|Any CPU
		{0585DB88-C6D4-4F6F-8529-529D091AD46F}.Debug|Any CPU.Build.0 = Debug|Any CPU
		{0585DB88-C6D4-4F6F-8529-529D091AD46F}.Release|Any CPU.ActiveCfg = Release|Any CPU
		{0585DB88-C6D4-4F6F-8529-529D091AD46F}.Release|Any CPU.Build.0 = Release|Any CPU
		{EC1E7E82-7CF2-457A-834D-3028AC063B35}.Debug|Any CPU.ActiveCfg = Release|Any CPU
		{EC1E7E82-7CF2-457A-834D-3028AC063B35}.Debug|Any CPU.Build.0 = Release|Any CPU
		{EC1E7E82-7CF2-457A-834D-3028AC063B35}.Release|Any CPU.ActiveCfg = Release|Any CPU
		{EC1E7E82-7CF2-457A-834D-3028AC063B35}.Release|Any CPU.Build.0 = Release|Any CPU
		{E38DE084-ACAD-47A0-BC96-D5B1BC8782FB}.Debug|Any CPU.ActiveCfg = Release|Any CPU
		{E38DE084-ACAD-47A0-BC96-D5B1BC8782FB}.Debug|Any CPU.Build.0 = Release|Any CPU
		{E38DE084-ACAD-47A0-BC96-D5B1BC8782FB}.Release|Any CPU.ActiveCfg = Release|Any CPU
		{E38DE084-ACAD-47A0-BC96-D5B1BC8782FB}.Release|Any CPU.Build.0 = Release|Any CPU
		{3743A327-72BD-40E8-901D-27965AE54CF4}.Debug|Any CPU.ActiveCfg = Release|Any CPU
		{3743A327-72BD-40E8-901D-27965AE54CF4}.Debug|Any CPU.Build.0 = Release|Any CPU
		{3743A327-72BD-40E8-901D-27965AE54CF4}.Release|Any CPU.ActiveCfg = Release|Any CPU
		{3743A327-72BD-40E8-901D-27965AE54CF4}.Release|Any CPU.Build.0 = Release|Any CPU
		{A34014DE-E353-44E7-874F-CFD7E3F16137}.Debug|Any CPU.ActiveCfg = Release|Any CPU
		{A34014DE-E353-44E7-874F-CFD7E3F16137}.Debug|Any CPU.Build.0 = Release|Any CPU
		{A34014DE-E353-44E7-874F-CFD7E3F16137}.Release|Any CPU.ActiveCfg = Release|Any CPU
		{A34014DE-E353-44E7-874F-CFD7E3F16137}.Release|Any CPU.Build.0 = Release|Any CPU
		{EB7007B1-55FB-4C40-8BA1-966046B78851}.Debug|Any CPU.ActiveCfg = Release|Any CPU
		{EB7007B1-55FB-4C40-8BA1-966046B78851}.Debug|Any CPU.Build.0 = Release|Any CPU
		{EB7007B1-55FB-4C40-8BA1-966046B78851}.Release|Any CPU.ActiveCfg = Release|Any CPU
		{EB7007B1-55FB-4C40-8BA1-966046B78851}.Release|Any CPU.Build.0 = Release|Any CPU
		{2B338206-21FC-4A5D-AB60-1E8BF2186CDF}.Debug|Any CPU.ActiveCfg = Release|Any CPU
		{2B338206-21FC-4A5D-AB60-1E8BF2186CDF}.Debug|Any CPU.Build.0 = Release|Any CPU
		{2B338206-21FC-4A5D-AB60-1E8BF2186CDF}.Release|Any CPU.ActiveCfg = Release|Any CPU
		{2B338206-21FC-4A5D-AB60-1E8BF2186CDF}.Release|Any CPU.Build.0 = Release|Any CPU
		{3B7E4CD4-EFB3-4687-81B9-996D6C68F107}.Debug|Any CPU.ActiveCfg = Release|Any CPU
		{3B7E4CD4-EFB3-4687-81B9-996D6C68F107}.Debug|Any CPU.Build.0 = Release|Any CPU
		{3B7E4CD4-EFB3-4687-81B9-996D6C68F107}.Release|Any CPU.ActiveCfg = Release|Any CPU
		{3B7E4CD4-EFB3-4687-81B9-996D6C68F107}.Release|Any CPU.Build.0 = Release|Any CPU
	EndGlobalSection
	GlobalSection(SolutionProperties) = preSolution
		HideSolutionNode = FALSE
	EndGlobalSection
	GlobalSection(NestedProjects) = preSolution
		{0585DB88-C6D4-4F6F-8529-529D091AD46F} = {AEF10A31-FBEA-481A-BF1A-4343A8DE45A0}
		{EC1E7E82-7CF2-457A-834D-3028AC063B35} = {AEF10A31-FBEA-481A-BF1A-4343A8DE45A0}
		{E38DE084-ACAD-47A0-BC96-D5B1BC8782FB} = {AEF10A31-FBEA-481A-BF1A-4343A8DE45A0}
		{3743A327-72BD-40E8-901D-27965AE54CF4} = {AEF10A31-FBEA-481A-BF1A-4343A8DE45A0}
		{A34014DE-E353-44E7-874F-CFD7E3F16137} = {AEF10A31-FBEA-481A-BF1A-4343A8DE45A0}
		{EB7007B1-55FB-4C40-8BA1-966046B78851} = {AEF10A31-FBEA-481A-BF1A-4343A8DE45A0}
		{2B338206-21FC-4A5D-AB60-1E8BF2186CDF} = {AEF10A31-FBEA-481A-BF1A-4343A8DE45A0}
		{3B7E4CD4-EFB3-4687-81B9-996D6C68F107} = {AEF10A31-FBEA-481A-BF1A-4343A8DE45A0}
	EndGlobalSection
	GlobalSection(ExtensibilityGlobals) = postSolution
		SolutionGuid = {F5DC2F52-31AB-4DBB-BA3C-5B6CE6C0B70A}
	EndGlobalSection
EndGlobal
