
Microsoft Visual Studio Solution File, Format Version 12.00
# Visual Studio Version 17
VisualStudioVersion = 17.2.32505.173
MinimumVisualStudioVersion = 10.0.40219.1
Project("{9A19103F-16F7-4668-BE54-9A1E7A4F7556}") = "EasMe", "EasMe\EasMe.csproj", "{52CAA643-BE5B-4F69-9F4D-A8A460344827}"
EndProject
Project("{FAE04EC0-301F-11D3-BF4B-00C04F79EFBC}") = "EasBox", "EasBox\EasBox.csproj", "{A34014DE-E353-44E7-874F-CFD7E3F16137}"
EndProject
Global
	GlobalSection(SolutionConfigurationPlatforms) = preSolution
		Debug|Any CPU = Debug|Any CPU
		Relase|Any CPU = Relase|Any CPU
		Release|Any CPU = Release|Any CPU
	EndGlobalSection
	GlobalSection(ProjectConfigurationPlatforms) = postSolution
		{52CAA643-BE5B-4F69-9F4D-A8A460344827}.Debug|Any CPU.ActiveCfg = Debug|Any CPU
		{52CAA643-BE5B-4F69-9F4D-A8A460344827}.Debug|Any CPU.Build.0 = Debug|Any CPU
		{52CAA643-BE5B-4F69-9F4D-A8A460344827}.Relase|Any CPU.ActiveCfg = Release|Any CPU
		{52CAA643-BE5B-4F69-9F4D-A8A460344827}.Relase|Any CPU.Build.0 = Release|Any CPU
		{52CAA643-BE5B-4F69-9F4D-A8A460344827}.Release|Any CPU.ActiveCfg = Release|Any CPU
		{52CAA643-BE5B-4F69-9F4D-A8A460344827}.Release|Any CPU.Build.0 = Release|Any CPU
		{A34014DE-E353-44E7-874F-CFD7E3F16137}.Debug|Any CPU.ActiveCfg = Debug|Any CPU
		{A34014DE-E353-44E7-874F-CFD7E3F16137}.Debug|Any CPU.Build.0 = Debug|Any CPU
		{A34014DE-E353-44E7-874F-CFD7E3F16137}.Relase|Any CPU.ActiveCfg = Release|Any CPU
		{A34014DE-E353-44E7-874F-CFD7E3F16137}.Relase|Any CPU.Build.0 = Release|Any CPU
		{A34014DE-E353-44E7-874F-CFD7E3F16137}.Release|Any CPU.ActiveCfg = Release|Any CPU
		{A34014DE-E353-44E7-874F-CFD7E3F16137}.Release|Any CPU.Build.0 = Release|Any CPU
	EndGlobalSection
	GlobalSection(SolutionProperties) = preSolution
		HideSolutionNode = FALSE
	EndGlobalSection
	GlobalSection(ExtensibilityGlobals) = postSolution
		SolutionGuid = {F5DC2F52-31AB-4DBB-BA3C-5B6CE6C0B70A}
	EndGlobalSection
EndGlobal
